
Microsoft Visual Studio Solution File, Format Version 12.00
# Visual Studio 15
VisualStudioVersion = 15.0.28307.1062
MinimumVisualStudioVersion = 10.0.40219.1
Project("{8BC9CEB8-8B4A-11D0-8D11-00A0C91BC942}") = "Chapter1_01", "Chapter1_1\Chapter1_1.vcxproj", "{D8BC3659-B3A8-4BBB-8D10-01153A56810F}"
EndProject
Project("{8BC9CEB8-8B4A-11D0-8D11-00A0C91BC942}") = "Chapter1_02", "Chapter1_2\Chapter1_2.vcxproj", "{27470D24-DF7E-4BA8-8B8B-A43F2296928E}"
EndProject
Project("{8BC9CEB8-8B4A-11D0-8D11-00A0C91BC942}") = "Chapter1_03", "Chapter1_3\Chapter1_3.vcxproj", "{B558FA8E-E951-45A5-959A-1869724B6E42}"
EndProject
Project("{8BC9CEB8-8B4A-11D0-8D11-00A0C91BC942}") = "Chapter1_03_A", "Chapter1_3_A\Chapter1_3_A.vcxproj", "{4E3997EF-AFCE-4B21-AD61-B9A6F63991DF}"
EndProject
Project("{8BC9CEB8-8B4A-11D0-8D11-00A0C91BC942}") = "Chapter1_04", "Chapter1_4\Chapter1_4.vcxproj", "{58CC3069-2AF2-4170-A812-DB6A5F3E3864}"
EndProject
Project("{8BC9CEB8-8B4A-11D0-8D11-00A0C91BC942}") = "Chapter1_05", "Chapter1_5\Chapter1_5.vcxproj", "{2E44B2CA-2AA0-4DC2-AC05-F96CDB2624AE}"
EndProject
Project("{8BC9CEB8-8B4A-11D0-8D11-00A0C91BC942}") = "Chapter1_05_A", "Chapter1_5_A\Chapter1_5_A.vcxproj", "{CEBEB75F-BFC7-41DD-B8A6-E3C84E147AB0}"
EndProject
Project("{8BC9CEB8-8B4A-11D0-8D11-00A0C91BC942}") = "Chapter1_06", "Chapter1_6\Chapter1_6.vcxproj", "{B69E1BBF-8457-4B65-B227-1C73E60F530C}"
EndProject
Project("{8BC9CEB8-8B4A-11D0-8D11-00A0C91BC942}") = "Chapter1_07", "Chapter1_7\Chapter1_7.vcxproj", "{935B1943-FBB1-49EA-8FF5-54D6D1FBDB55}"
EndProject
Project("{8BC9CEB8-8B4A-11D0-8D11-00A0C91BC942}") = "Chapter1_07_A", "Chapter1_7_A\Chapter1_7_A.vcxproj", "{B7E08373-0296-48B7-BC2A-D2DC857CD0C1}"
EndProject
Project("{8BC9CEB8-8B4A-11D0-8D11-00A0C91BC942}") = "Chapter1_08", "Chapter1_8\Chapter1_8.vcxproj", "{31D695BB-C37D-4305-AFEA-DDBC900722B2}"
EndProject
Project("{8BC9CEB8-8B4A-11D0-8D11-00A0C91BC942}") = "Chapter1_09", "Chapter1_9\Chapter1_9.vcxproj", "{4953B5FE-2D20-4724-8D9A-90804906BC7C}"
EndProject
Project("{8BC9CEB8-8B4A-11D0-8D11-00A0C91BC942}") = "Chapter1_11", "Chapter1_11\Chapter1_11.vcxproj", "{C222A475-3D44-4A96-B9D6-17C6AF63CFBE}"
EndProject
Project("{8BC9CEB8-8B4A-11D0-8D11-00A0C91BC942}") = "Chapter1_10", "Chapter1_10\Chapter1_10.vcxproj", "{29E33C30-12FA-4154-AC17-0AC22379FDD9}"
EndProject
Project("{8BC9CEB8-8B4A-11D0-8D11-00A0C91BC942}") = "Chapter1_12", "Chapter1_12\Chapter1_12.vcxproj", "{D24E1D06-19FC-401B-BA9B-7B6420A0F770}"
EndProject
Project("{8BC9CEB8-8B4A-11D0-8D11-00A0C91BC942}") = "Chapter1_13", "Chapter1_13\Chapter1_13.vcxproj", "{3BB265CB-C2F3-4BFB-A3EE-7AC8119631BD}"
EndProject
Project("{8BC9CEB8-8B4A-11D0-8D11-00A0C91BC942}") = "Chapter1_14", "Chapter1_14\Chapter1_14.vcxproj", "{56F2336C-0508-4CFC-A7E8-1E50F81246F6}"
EndProject
Global
	GlobalSection(SolutionConfigurationPlatforms) = preSolution
		Debug|x64 = Debug|x64
		Debug|x86 = Debug|x86
		Release|x64 = Release|x64
		Release|x86 = Release|x86
	EndGlobalSection
	GlobalSection(ProjectConfigurationPlatforms) = postSolution
		{D8BC3659-B3A8-4BBB-8D10-01153A56810F}.Debug|x64.ActiveCfg = Debug|x64
		{D8BC3659-B3A8-4BBB-8D10-01153A56810F}.Debug|x64.Build.0 = Debug|x64
		{D8BC3659-B3A8-4BBB-8D10-01153A56810F}.Debug|x86.ActiveCfg = Debug|Win32
		{D8BC3659-B3A8-4BBB-8D10-01153A56810F}.Debug|x86.Build.0 = Debug|Win32
		{D8BC3659-B3A8-4BBB-8D10-01153A56810F}.Release|x64.ActiveCfg = Release|x64
		{D8BC3659-B3A8-4BBB-8D10-01153A56810F}.Release|x64.Build.0 = Release|x64
		{D8BC3659-B3A8-4BBB-8D10-01153A56810F}.Release|x86.ActiveCfg = Release|Win32
		{D8BC3659-B3A8-4BBB-8D10-01153A56810F}.Release|x86.Build.0 = Release|Win32
		{27470D24-DF7E-4BA8-8B8B-A43F2296928E}.Debug|x64.ActiveCfg = Debug|x64
		{27470D24-DF7E-4BA8-8B8B-A43F2296928E}.Debug|x64.Build.0 = Debug|x64
		{27470D24-DF7E-4BA8-8B8B-A43F2296928E}.Debug|x86.ActiveCfg = Debug|Win32
		{27470D24-DF7E-4BA8-8B8B-A43F2296928E}.Debug|x86.Build.0 = Debug|Win32
		{27470D24-DF7E-4BA8-8B8B-A43F2296928E}.Release|x64.ActiveCfg = Release|x64
		{27470D24-DF7E-4BA8-8B8B-A43F2296928E}.Release|x64.Build.0 = Release|x64
		{27470D24-DF7E-4BA8-8B8B-A43F2296928E}.Release|x86.ActiveCfg = Release|Win32
		{27470D24-DF7E-4BA8-8B8B-A43F2296928E}.Release|x86.Build.0 = Release|Win32
		{B558FA8E-E951-45A5-959A-1869724B6E42}.Debug|x64.ActiveCfg = Debug|x64
		{B558FA8E-E951-45A5-959A-1869724B6E42}.Debug|x64.Build.0 = Debug|x64
		{B558FA8E-E951-45A5-959A-1869724B6E42}.Debug|x86.ActiveCfg = Debug|Win32
		{B558FA8E-E951-45A5-959A-1869724B6E42}.Debug|x86.Build.0 = Debug|Win32
		{B558FA8E-E951-45A5-959A-1869724B6E42}.Release|x64.ActiveCfg = Release|x64
		{B558FA8E-E951-45A5-959A-1869724B6E42}.Release|x64.Build.0 = Release|x64
		{B558FA8E-E951-45A5-959A-1869724B6E42}.Release|x86.ActiveCfg = Release|Win32
		{B558FA8E-E951-45A5-959A-1869724B6E42}.Release|x86.Build.0 = Release|Win32
		{4E3997EF-AFCE-4B21-AD61-B9A6F63991DF}.Debug|x64.ActiveCfg = Debug|x64
		{4E3997EF-AFCE-4B21-AD61-B9A6F63991DF}.Debug|x64.Build.0 = Debug|x64
		{4E3997EF-AFCE-4B21-AD61-B9A6F63991DF}.Debug|x86.ActiveCfg = Debug|Win32
		{4E3997EF-AFCE-4B21-AD61-B9A6F63991DF}.Debug|x86.Build.0 = Debug|Win32
		{4E3997EF-AFCE-4B21-AD61-B9A6F63991DF}.Release|x64.ActiveCfg = Release|x64
		{4E3997EF-AFCE-4B21-AD61-B9A6F63991DF}.Release|x64.Build.0 = Release|x64
		{4E3997EF-AFCE-4B21-AD61-B9A6F63991DF}.Release|x86.ActiveCfg = Release|Win32
		{4E3997EF-AFCE-4B21-AD61-B9A6F63991DF}.Release|x86.Build.0 = Release|Win32
		{58CC3069-2AF2-4170-A812-DB6A5F3E3864}.Debug|x64.ActiveCfg = Debug|x64
		{58CC3069-2AF2-4170-A812-DB6A5F3E3864}.Debug|x64.Build.0 = Debug|x64
		{58CC3069-2AF2-4170-A812-DB6A5F3E3864}.Debug|x86.ActiveCfg = Debug|Win32
		{58CC3069-2AF2-4170-A812-DB6A5F3E3864}.Debug|x86.Build.0 = Debug|Win32
		{58CC3069-2AF2-4170-A812-DB6A5F3E3864}.Release|x64.ActiveCfg = Release|x64
		{58CC3069-2AF2-4170-A812-DB6A5F3E3864}.Release|x64.Build.0 = Release|x64
		{58CC3069-2AF2-4170-A812-DB6A5F3E3864}.Release|x86.ActiveCfg = Release|Win32
		{58CC3069-2AF2-4170-A812-DB6A5F3E3864}.Release|x86.Build.0 = Release|Win32
		{2E44B2CA-2AA0-4DC2-AC05-F96CDB2624AE}.Debug|x64.ActiveCfg = Debug|x64
		{2E44B2CA-2AA0-4DC2-AC05-F96CDB2624AE}.Debug|x64.Build.0 = Debug|x64
		{2E44B2CA-2AA0-4DC2-AC05-F96CDB2624AE}.Debug|x86.ActiveCfg = Debug|Win32
		{2E44B2CA-2AA0-4DC2-AC05-F96CDB2624AE}.Debug|x86.Build.0 = Debug|Win32
		{2E44B2CA-2AA0-4DC2-AC05-F96CDB2624AE}.Release|x64.ActiveCfg = Release|x64
		{2E44B2CA-2AA0-4DC2-AC05-F96CDB2624AE}.Release|x64.Build.0 = Release|x64
		{2E44B2CA-2AA0-4DC2-AC05-F96CDB2624AE}.Release|x86.ActiveCfg = Release|Win32
		{2E44B2CA-2AA0-4DC2-AC05-F96CDB2624AE}.Release|x86.Build.0 = Release|Win32
		{CEBEB75F-BFC7-41DD-B8A6-E3C84E147AB0}.Debug|x64.ActiveCfg = Debug|x64
		{CEBEB75F-BFC7-41DD-B8A6-E3C84E147AB0}.Debug|x64.Build.0 = Debug|x64
		{CEBEB75F-BFC7-41DD-B8A6-E3C84E147AB0}.Debug|x86.ActiveCfg = Debug|Win32
		{CEBEB75F-BFC7-41DD-B8A6-E3C84E147AB0}.Debug|x86.Build.0 = Debug|Win32
		{CEBEB75F-BFC7-41DD-B8A6-E3C84E147AB0}.Release|x64.ActiveCfg = Release|x64
		{CEBEB75F-BFC7-41DD-B8A6-E3C84E147AB0}.Release|x64.Build.0 = Release|x64
		{CEBEB75F-BFC7-41DD-B8A6-E3C84E147AB0}.Release|x86.ActiveCfg = Release|Win32
		{CEBEB75F-BFC7-41DD-B8A6-E3C84E147AB0}.Release|x86.Build.0 = Release|Win32
		{B69E1BBF-8457-4B65-B227-1C73E60F530C}.Debug|x64.ActiveCfg = Debug|x64
		{B69E1BBF-8457-4B65-B227-1C73E60F530C}.Debug|x64.Build.0 = Debug|x64
		{B69E1BBF-8457-4B65-B227-1C73E60F530C}.Debug|x86.ActiveCfg = Debug|Win32
		{B69E1BBF-8457-4B65-B227-1C73E60F530C}.Debug|x86.Build.0 = Debug|Win32
		{B69E1BBF-8457-4B65-B227-1C73E60F530C}.Release|x64.ActiveCfg = Release|x64
		{B69E1BBF-8457-4B65-B227-1C73E60F530C}.Release|x64.Build.0 = Release|x64
		{B69E1BBF-8457-4B65-B227-1C73E60F530C}.Release|x86.ActiveCfg = Release|Win32
		{B69E1BBF-8457-4B65-B227-1C73E60F530C}.Release|x86.Build.0 = Release|Win32
		{935B1943-FBB1-49EA-8FF5-54D6D1FBDB55}.Debug|x64.ActiveCfg = Debug|x64
		{935B1943-FBB1-49EA-8FF5-54D6D1FBDB55}.Debug|x64.Build.0 = Debug|x64
		{935B1943-FBB1-49EA-8FF5-54D6D1FBDB55}.Debug|x86.ActiveCfg = Debug|Win32
		{935B1943-FBB1-49EA-8FF5-54D6D1FBDB55}.Debug|x86.Build.0 = Debug|Win32
		{935B1943-FBB1-49EA-8FF5-54D6D1FBDB55}.Release|x64.ActiveCfg = Release|x64
		{935B1943-FBB1-49EA-8FF5-54D6D1FBDB55}.Release|x64.Build.0 = Release|x64
		{935B1943-FBB1-49EA-8FF5-54D6D1FBDB55}.Release|x86.ActiveCfg = Release|Win32
		{935B1943-FBB1-49EA-8FF5-54D6D1FBDB55}.Release|x86.Build.0 = Release|Win32
		{B7E08373-0296-48B7-BC2A-D2DC857CD0C1}.Debug|x64.ActiveCfg = Debug|x64
		{B7E08373-0296-48B7-BC2A-D2DC857CD0C1}.Debug|x64.Build.0 = Debug|x64
		{B7E08373-0296-48B7-BC2A-D2DC857CD0C1}.Debug|x86.ActiveCfg = Debug|Win32
		{B7E08373-0296-48B7-BC2A-D2DC857CD0C1}.Debug|x86.Build.0 = Debug|Win32
		{B7E08373-0296-48B7-BC2A-D2DC857CD0C1}.Release|x64.ActiveCfg = Release|x64
		{B7E08373-0296-48B7-BC2A-D2DC857CD0C1}.Release|x64.Build.0 = Release|x64
		{B7E08373-0296-48B7-BC2A-D2DC857CD0C1}.Release|x86.ActiveCfg = Release|Win32
		{B7E08373-0296-48B7-BC2A-D2DC857CD0C1}.Release|x86.Build.0 = Release|Win32
		{31D695BB-C37D-4305-AFEA-DDBC900722B2}.Debug|x64.ActiveCfg = Debug|x64
		{31D695BB-C37D-4305-AFEA-DDBC900722B2}.Debug|x64.Build.0 = Debug|x64
		{31D695BB-C37D-4305-AFEA-DDBC900722B2}.Debug|x86.ActiveCfg = Debug|Win32
		{31D695BB-C37D-4305-AFEA-DDBC900722B2}.Debug|x86.Build.0 = Debug|Win32
		{31D695BB-C37D-4305-AFEA-DDBC900722B2}.Release|x64.ActiveCfg = Release|x64
		{31D695BB-C37D-4305-AFEA-DDBC900722B2}.Release|x64.Build.0 = Release|x64
		{31D695BB-C37D-4305-AFEA-DDBC900722B2}.Release|x86.ActiveCfg = Release|Win32
		{31D695BB-C37D-4305-AFEA-DDBC900722B2}.Release|x86.Build.0 = Release|Win32
		{4953B5FE-2D20-4724-8D9A-90804906BC7C}.Debug|x64.ActiveCfg = Debug|x64
		{4953B5FE-2D20-4724-8D9A-90804906BC7C}.Debug|x64.Build.0 = Debug|x64
		{4953B5FE-2D20-4724-8D9A-90804906BC7C}.Debug|x86.ActiveCfg = Debug|Win32
		{4953B5FE-2D20-4724-8D9A-90804906BC7C}.Debug|x86.Build.0 = Debug|Win32
		{4953B5FE-2D20-4724-8D9A-90804906BC7C}.Release|x64.ActiveCfg = Release|x64
		{4953B5FE-2D20-4724-8D9A-90804906BC7C}.Release|x64.Build.0 = Release|x64
		{4953B5FE-2D20-4724-8D9A-90804906BC7C}.Release|x86.ActiveCfg = Release|Win32
		{4953B5FE-2D20-4724-8D9A-90804906BC7C}.Release|x86.Build.0 = Release|Win32
		{C222A475-3D44-4A96-B9D6-17C6AF63CFBE}.Debug|x64.ActiveCfg = Debug|x64
		{C222A475-3D44-4A96-B9D6-17C6AF63CFBE}.Debug|x64.Build.0 = Debug|x64
		{C222A475-3D44-4A96-B9D6-17C6AF63CFBE}.Debug|x86.ActiveCfg = Debug|Win32
		{C222A475-3D44-4A96-B9D6-17C6AF63CFBE}.Debug|x86.Build.0 = Debug|Win32
		{C222A475-3D44-4A96-B9D6-17C6AF63CFBE}.Release|x64.ActiveCfg = Release|x64
		{C222A475-3D44-4A96-B9D6-17C6AF63CFBE}.Release|x64.Build.0 = Release|x64
		{C222A475-3D44-4A96-B9D6-17C6AF63CFBE}.Release|x86.ActiveCfg = Release|Win32
		{C222A475-3D44-4A96-B9D6-17C6AF63CFBE}.Release|x86.Build.0 = Release|Win32
		{29E33C30-12FA-4154-AC17-0AC22379FDD9}.Debug|x64.ActiveCfg = Debug|x64
		{29E33C30-12FA-4154-AC17-0AC22379FDD9}.Debug|x64.Build.0 = Debug|x64
		{29E33C30-12FA-4154-AC17-0AC22379FDD9}.Debug|x86.ActiveCfg = Debug|Win32
		{29E33C30-12FA-4154-AC17-0AC22379FDD9}.Debug|x86.Build.0 = Debug|Win32
		{29E33C30-12FA-4154-AC17-0AC22379FDD9}.Release|x64.ActiveCfg = Release|x64
		{29E33C30-12FA-4154-AC17-0AC22379FDD9}.Release|x64.Build.0 = Release|x64
		{29E33C30-12FA-4154-AC17-0AC22379FDD9}.Release|x86.ActiveCfg = Release|Win32
		{29E33C30-12FA-4154-AC17-0AC22379FDD9}.Release|x86.Build.0 = Release|Win32
		{D24E1D06-19FC-401B-BA9B-7B6420A0F770}.Debug|x64.ActiveCfg = Debug|x64
		{D24E1D06-19FC-401B-BA9B-7B6420A0F770}.Debug|x64.Build.0 = Debug|x64
		{D24E1D06-19FC-401B-BA9B-7B6420A0F770}.Debug|x86.ActiveCfg = Debug|Win32
		{D24E1D06-19FC-401B-BA9B-7B6420A0F770}.Debug|x86.Build.0 = Debug|Win32
		{D24E1D06-19FC-401B-BA9B-7B6420A0F770}.Release|x64.ActiveCfg = Release|x64
		{D24E1D06-19FC-401B-BA9B-7B6420A0F770}.Release|x64.Build.0 = Release|x64
		{D24E1D06-19FC-401B-BA9B-7B6420A0F770}.Release|x86.ActiveCfg = Release|Win32
		{D24E1D06-19FC-401B-BA9B-7B6420A0F770}.Release|x86.Build.0 = Release|Win32
		{3BB265CB-C2F3-4BFB-A3EE-7AC8119631BD}.Debug|x64.ActiveCfg = Debug|x64
		{3BB265CB-C2F3-4BFB-A3EE-7AC8119631BD}.Debug|x64.Build.0 = Debug|x64
		{3BB265CB-C2F3-4BFB-A3EE-7AC8119631BD}.Debug|x86.ActiveCfg = Debug|Win32
		{3BB265CB-C2F3-4BFB-A3EE-7AC8119631BD}.Debug|x86.Build.0 = Debug|Win32
		{3BB265CB-C2F3-4BFB-A3EE-7AC8119631BD}.Release|x64.ActiveCfg = Release|x64
		{3BB265CB-C2F3-4BFB-A3EE-7AC8119631BD}.Release|x64.Build.0 = Release|x64
		{3BB265CB-C2F3-4BFB-A3EE-7AC8119631BD}.Release|x86.ActiveCfg = Release|Win32
		{3BB265CB-C2F3-4BFB-A3EE-7AC8119631BD}.Release|x86.Build.0 = Release|Win32
		{56F2336C-0508-4CFC-A7E8-1E50F81246F6}.Debug|x64.ActiveCfg = Debug|x64
		{56F2336C-0508-4CFC-A7E8-1E50F81246F6}.Debug|x64.Build.0 = Debug|x64
		{56F2336C-0508-4CFC-A7E8-1E50F81246F6}.Debug|x86.ActiveCfg = Debug|Win32
		{56F2336C-0508-4CFC-A7E8-1E50F81246F6}.Debug|x86.Build.0 = Debug|Win32
		{56F2336C-0508-4CFC-A7E8-1E50F81246F6}.Release|x64.ActiveCfg = Release|x64
		{56F2336C-0508-4CFC-A7E8-1E50F81246F6}.Release|x64.Build.0 = Release|x64
		{56F2336C-0508-4CFC-A7E8-1E50F81246F6}.Release|x86.ActiveCfg = Release|Win32
		{56F2336C-0508-4CFC-A7E8-1E50F81246F6}.Release|x86.Build.0 = Release|Win32
	EndGlobalSection
	GlobalSection(SolutionProperties) = preSolution
		HideSolutionNode = FALSE
	EndGlobalSection
	GlobalSection(ExtensibilityGlobals) = postSolution
		SolutionGuid = {65178D46-90F8-44C1-BBE5-1B9750F7238E}
	EndGlobalSection
EndGlobal
