
Microsoft Visual Studio Solution File, Format Version 12.00
# Visual Studio 15
VisualStudioVersion = 15.0.28307.1062
MinimumVisualStudioVersion = 10.0.40219.1
Project("{8BC9CEB8-8B4A-11D0-8D11-00A0C91BC942}") = "Chapter1_01", "Chapter1_1\Chapter1_1.vcxproj", "{D8BC3659-B3A8-4BBB-8D10-01153A56810F}"
EndProject
Project("{8BC9CEB8-8B4A-11D0-8D11-00A0C91BC942}") = "Chapter1_02", "Chapter1_2\Chapter1_2.vcxproj", "{27470D24-DF7E-4BA8-8B8B-A43F2296928E}"
EndProject
Project("{8BC9CEB8-8B4A-11D0-8D11-00A0C91BC942}") = "Chapter1_03", "Chapter1_3\Chapter1_3.vcxproj", "{B558FA8E-E951-45A5-959A-1869724B6E42}"
EndProject
Project("{8BC9CEB8-8B4A-11D0-8D11-00A0C91BC942}") = "Chapter1_03_A", "Chapter1_3_A\Chapter1_3_A.vcxproj", "{4E3997EF-AFCE-4B21-AD61-B9A6F63991DF}"
EndProject
Project("{8BC9CEB8-8B4A-11D0-8D11-00A0C91BC942}") = "Chapter1_04", "Chapter1_4\Chapter1_4.vcxproj", "{58CC3069-2AF2-4170-A812-DB6A5F3E3864}"
EndProject
Project("{8BC9CEB8-8B4A-11D0-8D11-00A0C91BC942}") = "Chapter1_05", "Chapter1_5\Chapter1_5.vcxproj", "{2E44B2CA-2AA0-4DC2-AC05-F96CDB2624AE}"
EndProject
Project("{8BC9CEB8-8B4A-11D0-8D11-00A0C91BC942}") = "Chapter1_05_A", "Chapter1_5_A\Chapter1_5_A.vcxproj", "{CEBEB75F-BFC7-41DD-B8A6-E3C84E147AB0}"
EndProject
Project("{8BC9CEB8-8B4A-11D0-8D11-00A0C91BC942}") = "Chapter1_06", "Chapter1_6\Chapter1_6.vcxproj", "{B69E1BBF-8457-4B65-B227-1C73E60F530C}"
EndProject
Project("{8BC9CEB8-8B4A-11D0-8D11-00A0C91BC942}") = "Chapter1_07", "Chapter1_7\Chapter1_7.vcxproj", "{935B1943-FBB1-49EA-8FF5-54D6D1FBDB55}"
EndProject
Project("{8BC9CEB8-8B4A-11D0-8D11-00A0C91BC942}") = "Chapter1_07_A", "Chapter1_7_A\Chapter1_7_A.vcxproj", "{B7E08373-0296-48B7-BC2A-D2DC857CD0C1}"
EndProject
Project("{8BC9CEB8-8B4A-11D0-8D11-00A0C91BC942}") = "Chapter1_08", "Chapter1_8\Chapter1_8.vcxproj", "{31D695BB-C37D-4305-AFEA-DDBC900722B2}"
EndProject
Project("{8BC9CEB8-8B4A-11D0-8D11-00A0C91BC942}") = "Chapter1_09", "Chapter1_9\Chapter1_9.vcxproj", "{4953B5FE-2D20-4724-8D9A-90804906BC7C}"
EndProject
Project("{8BC9CEB8-8B4A-11D0-8D11-00A0C91BC942}") = "Chapter1_11", "Chapter1_11\Chapter1_11.vcxproj", "{C222A475-3D44-4A96-B9D6-17C6AF63CFBE}"
EndProject
Project("{8BC9CEB8-8B4A-11D0-8D11-00A0C91BC942}") = "Chapter1_10", "Chapter1_10\Chapter1_10.vcxproj", "{29E33C30-12FA-4154-AC17-0AC22379FDD9}"
EndProject
Project("{8BC9CEB8-8B4A-11D0-8D11-00A0C91BC942}") = "Chapter1_12", "Chapter1_12\Chapter1_12.vcxproj", "{D24E1D06-19FC-401B-BA9B-7B6420A0F770}"
EndProject
Project("{8BC9CEB8-8B4A-11D0-8D11-00A0C91BC942}") = "Chapter1_13", "Chapter1_13\Chapter1_13.vcxproj", "{3BB265CB-C2F3-4BFB-A3EE-7AC8119631BD}"
EndProject
Project("{8BC9CEB8-8B4A-11D0-8D11-00A0C91BC942}") = "Chapter1_14", "Chapter1_14\Chapter1_14.vcxproj", "{56F2336C-0508-4CFC-A7E8-1E50F81246F6}"
EndProject
Project("{8BC9CEB8-8B4A-11D0-8D11-00A0C91BC942}") = "Chapter2_01", "Chapter2_01\Chapter2_01.vcxproj", "{337221AC-1AB7-40F2-8A12-4128E874D4A4}"
EndProject
Project("{8BC9CEB8-8B4A-11D0-8D11-00A0C91BC942}") = "Chapter2_02", "Chapter2_02\Chapter2_02.vcxproj", "{F6277A24-907E-41FE-B3E3-D9C81CB25732}"
EndProject
Project("{8BC9CEB8-8B4A-11D0-8D11-00A0C91BC942}") = "Chapter2_02_A", "Chapter2_02_A\Chapter2_02_A.vcxproj", "{91A9602F-1732-48B1-97EE-51A6E6D6A799}"
EndProject
Project("{8BC9CEB8-8B4A-11D0-8D11-00A0C91BC942}") = "Chapter2_03", "Chapter2_03\Chapter2_03.vcxproj", "{B7A976BE-CBBB-4401-B18F-D578C28E242B}"
EndProject
Project("{8BC9CEB8-8B4A-11D0-8D11-00A0C91BC942}") = "Chapter2_04", "Chapter2_04\Chapter2_04.vcxproj", "{54C3BA5D-707F-43EC-B9E4-55859775C40E}"
EndProject
Project("{8BC9CEB8-8B4A-11D0-8D11-00A0C91BC942}") = "Chapter2_05", "Chapter2_05\Chapter2_05.vcxproj", "{1CDEA9A9-BBEF-4D82-929E-A1702463EDC9}"
EndProject
Project("{8BC9CEB8-8B4A-11D0-8D11-00A0C91BC942}") = "Chapter2_05_A", "Chapter2_05_A\Chapter2_05_A.vcxproj", "{4FA041A4-A12D-4AF6-A6D5-72469576AD0B}"
EndProject
Project("{8BC9CEB8-8B4A-11D0-8D11-00A0C91BC942}") = "Chapter2_06", "Chapter2_06\Chapter2_06.vcxproj", "{2938E6A2-D041-407E-AA35-2FEBB7C9373D}"
EndProject
Project("{8BC9CEB8-8B4A-11D0-8D11-00A0C91BC942}") = "Chapter2_06_A", "Chapter2_06_A\Chapter2_06_A.vcxproj", "{69D4FC23-3E05-4CAC-BCB8-1E3670780679}"
EndProject
Project("{8BC9CEB8-8B4A-11D0-8D11-00A0C91BC942}") = "Chapter2_07", "Chapter2_07\Chapter2_07.vcxproj", "{B54FB781-AA4D-41B9-8B79-929D2E556C95}"
EndProject
Project("{8BC9CEB8-8B4A-11D0-8D11-00A0C91BC942}") = "Chapter2_08", "Chapter2_08\Chapter2_08.vcxproj", "{35C27FE5-0C86-4D92-A8B9-04DA66613951}"
EndProject
Project("{8BC9CEB8-8B4A-11D0-8D11-00A0C91BC942}") = "Chapter2_09", "Chapter2_09\Chapter2_09.vcxproj", "{E47BF21C-0C37-4D8D-AD64-05F77A6DAFF3}"
EndProject
Project("{8BC9CEB8-8B4A-11D0-8D11-00A0C91BC942}") = "Chapter2_07_A", "Chapter2_07_A\Chapter2_07_A.vcxproj", "{FFD716FD-01F6-46A9-8B8D-A0F5324BA3B3}"
EndProject
Project("{8BC9CEB8-8B4A-11D0-8D11-00A0C91BC942}") = "Chapter3_01", "Chapter3_01\Chapter3_01.vcxproj", "{C8855A43-C392-44AF-BD0A-EBC9B0D4DC85}"
EndProject
Project("{2150E333-8FDC-42A3-9474-1A3956D46DE8}") = "Chapter1", "Chapter1", "{B61138BD-B768-475B-8AB8-6114583238F8}"
EndProject
Project("{2150E333-8FDC-42A3-9474-1A3956D46DE8}") = "Chapter2", "Chapter2", "{568A1E31-EB19-4DCF-A1AB-5F76073C3773}"
EndProject
Project("{2150E333-8FDC-42A3-9474-1A3956D46DE8}") = "Chapter3", "Chapter3", "{CAC97BCF-0CCF-438F-A94D-C6B87B447565}"
EndProject
Project("{8BC9CEB8-8B4A-11D0-8D11-00A0C91BC942}") = "Chapter3_02", "Chapter3_02\Chapter3_02.vcxproj", "{A42CA51B-6396-4411-A749-66B0CF856223}"
EndProject
Project("{8BC9CEB8-8B4A-11D0-8D11-00A0C91BC942}") = "Chapter3_03", "Chapter3_03\Chapter3_03.vcxproj", "{E8DB8A0F-C862-4E09-9DDE-2D68CF354DC3}"
EndProject
Project("{8BC9CEB8-8B4A-11D0-8D11-00A0C91BC942}") = "Chapter3_04", "Chapter3_04\Chapter3_04.vcxproj", "{B2139F97-9AEF-45E1-B621-335F55271257}"
EndProject
Project("{8BC9CEB8-8B4A-11D0-8D11-00A0C91BC942}") = "Chapter3_05", "Chapter3_05\Chapter3_05.vcxproj", "{8C8EBB20-2D35-4550-9EB2-4A723A399BD5}"
EndProject
Project("{8BC9CEB8-8B4A-11D0-8D11-00A0C91BC942}") = "Chapter3_06", "Chapter3_06\Chapter3_06.vcxproj", "{FB79BB46-6F92-43EA-9EC5-8E456B0E1C25}"
EndProject
Project("{8BC9CEB8-8B4A-11D0-8D11-00A0C91BC942}") = "Chapter3_07", "Chapter3_07\Chapter3_07.vcxproj", "{DD3AD5B9-963B-4B1B-B3B9-31EE6D6603F1}"
EndProject
Project("{8BC9CEB8-8B4A-11D0-8D11-00A0C91BC942}") = "Chapter3_08", "Chapter3_08\Chapter3_08.vcxproj", "{D5964250-D32B-4257-B833-AFE7B61944CE}"
EndProject
Project("{8BC9CEB8-8B4A-11D0-8D11-00A0C91BC942}") = "Chapter3_09", "Chapter3_09\Chapter3_09.vcxproj", "{683723A1-024E-4BE4-868B-0EF1F70FF36F}"
EndProject
Project("{8BC9CEB8-8B4A-11D0-8D11-00A0C91BC942}") = "Chapter3_01_A", "Chapter3_01_A\Chapter3_01_A.vcxproj", "{01319A4E-1C92-483E-8276-DAA6C44BEEAD}"
EndProject
Project("{8BC9CEB8-8B4A-11D0-8D11-00A0C91BC942}") = "Chapter3_06_E", "Chapter3_06_E\Chapter3_06_E.vcxproj", "{959DD701-FFCA-4F6F-87A9-8270BDFA9FA5}"
EndProject
Project("{8BC9CEB8-8B4A-11D0-8D11-00A0C91BC942}") = "Chapter3_06_A", "Chapter3_06_A\Chapter3_06_A.vcxproj", "{60FB3724-59F0-4E14-B4F9-F2EA3E2C8902}"
EndProject
Project("{8BC9CEB8-8B4A-11D0-8D11-00A0C91BC942}") = "Chapter3_07_A", "Chapter3_07_A\Chapter3_07_A.vcxproj", "{AF14D362-68C7-4D16-8669-CD4892A3A054}"
EndProject
Project("{8BC9CEB8-8B4A-11D0-8D11-00A0C91BC942}") = "Chapter3_08_A", "Chapter3_08_A\Chapter3_08_A.vcxproj", "{CC7B3D73-96B9-44B1-B758-96317CD1D266}"
EndProject
Project("{2150E333-8FDC-42A3-9474-1A3956D46DE8}") = "Chapter4", "Chapter4", "{A6165945-0A4A-4C05-9596-E8B39B92D6AD}"
EndProject
Project("{8BC9CEB8-8B4A-11D0-8D11-00A0C91BC942}") = "Chapter4_01", "Chapter4_01\Chapter4_01.vcxproj", "{409CEDF2-7C95-49EF-BAB8-1A1F50B2F78D}"
EndProject
Project("{8BC9CEB8-8B4A-11D0-8D11-00A0C91BC942}") = "Chapter3_09_E", "Chapter3_09_E\Chapter3_09_E.vcxproj", "{7C392822-C674-4674-B841-AB081997A14A}"
EndProject
Project("{8BC9CEB8-8B4A-11D0-8D11-00A0C91BC942}") = "Chapter3_09_A", "Chapter3_09_A\Chapter3_09_A.vcxproj", "{F4ED2E55-889F-4B6B-979C-ED3642398005}"
EndProject
Global
	GlobalSection(SolutionConfigurationPlatforms) = preSolution
		Debug|x64 = Debug|x64
		Debug|x86 = Debug|x86
		Release|x64 = Release|x64
		Release|x86 = Release|x86
	EndGlobalSection
	GlobalSection(ProjectConfigurationPlatforms) = postSolution
		{D8BC3659-B3A8-4BBB-8D10-01153A56810F}.Debug|x64.ActiveCfg = Debug|x64
		{D8BC3659-B3A8-4BBB-8D10-01153A56810F}.Debug|x64.Build.0 = Debug|x64
		{D8BC3659-B3A8-4BBB-8D10-01153A56810F}.Debug|x86.ActiveCfg = Debug|Win32
		{D8BC3659-B3A8-4BBB-8D10-01153A56810F}.Debug|x86.Build.0 = Debug|Win32
		{D8BC3659-B3A8-4BBB-8D10-01153A56810F}.Release|x64.ActiveCfg = Release|x64
		{D8BC3659-B3A8-4BBB-8D10-01153A56810F}.Release|x64.Build.0 = Release|x64
		{D8BC3659-B3A8-4BBB-8D10-01153A56810F}.Release|x86.ActiveCfg = Release|Win32
		{D8BC3659-B3A8-4BBB-8D10-01153A56810F}.Release|x86.Build.0 = Release|Win32
		{27470D24-DF7E-4BA8-8B8B-A43F2296928E}.Debug|x64.ActiveCfg = Debug|x64
		{27470D24-DF7E-4BA8-8B8B-A43F2296928E}.Debug|x64.Build.0 = Debug|x64
		{27470D24-DF7E-4BA8-8B8B-A43F2296928E}.Debug|x86.ActiveCfg = Debug|Win32
		{27470D24-DF7E-4BA8-8B8B-A43F2296928E}.Debug|x86.Build.0 = Debug|Win32
		{27470D24-DF7E-4BA8-8B8B-A43F2296928E}.Release|x64.ActiveCfg = Release|x64
		{27470D24-DF7E-4BA8-8B8B-A43F2296928E}.Release|x64.Build.0 = Release|x64
		{27470D24-DF7E-4BA8-8B8B-A43F2296928E}.Release|x86.ActiveCfg = Release|Win32
		{27470D24-DF7E-4BA8-8B8B-A43F2296928E}.Release|x86.Build.0 = Release|Win32
		{B558FA8E-E951-45A5-959A-1869724B6E42}.Debug|x64.ActiveCfg = Debug|x64
		{B558FA8E-E951-45A5-959A-1869724B6E42}.Debug|x64.Build.0 = Debug|x64
		{B558FA8E-E951-45A5-959A-1869724B6E42}.Debug|x86.ActiveCfg = Debug|Win32
		{B558FA8E-E951-45A5-959A-1869724B6E42}.Debug|x86.Build.0 = Debug|Win32
		{B558FA8E-E951-45A5-959A-1869724B6E42}.Release|x64.ActiveCfg = Release|x64
		{B558FA8E-E951-45A5-959A-1869724B6E42}.Release|x64.Build.0 = Release|x64
		{B558FA8E-E951-45A5-959A-1869724B6E42}.Release|x86.ActiveCfg = Release|Win32
		{B558FA8E-E951-45A5-959A-1869724B6E42}.Release|x86.Build.0 = Release|Win32
		{4E3997EF-AFCE-4B21-AD61-B9A6F63991DF}.Debug|x64.ActiveCfg = Debug|x64
		{4E3997EF-AFCE-4B21-AD61-B9A6F63991DF}.Debug|x64.Build.0 = Debug|x64
		{4E3997EF-AFCE-4B21-AD61-B9A6F63991DF}.Debug|x86.ActiveCfg = Debug|Win32
		{4E3997EF-AFCE-4B21-AD61-B9A6F63991DF}.Debug|x86.Build.0 = Debug|Win32
		{4E3997EF-AFCE-4B21-AD61-B9A6F63991DF}.Release|x64.ActiveCfg = Release|x64
		{4E3997EF-AFCE-4B21-AD61-B9A6F63991DF}.Release|x64.Build.0 = Release|x64
		{4E3997EF-AFCE-4B21-AD61-B9A6F63991DF}.Release|x86.ActiveCfg = Release|Win32
		{4E3997EF-AFCE-4B21-AD61-B9A6F63991DF}.Release|x86.Build.0 = Release|Win32
		{58CC3069-2AF2-4170-A812-DB6A5F3E3864}.Debug|x64.ActiveCfg = Debug|x64
		{58CC3069-2AF2-4170-A812-DB6A5F3E3864}.Debug|x64.Build.0 = Debug|x64
		{58CC3069-2AF2-4170-A812-DB6A5F3E3864}.Debug|x86.ActiveCfg = Debug|Win32
		{58CC3069-2AF2-4170-A812-DB6A5F3E3864}.Debug|x86.Build.0 = Debug|Win32
		{58CC3069-2AF2-4170-A812-DB6A5F3E3864}.Release|x64.ActiveCfg = Release|x64
		{58CC3069-2AF2-4170-A812-DB6A5F3E3864}.Release|x64.Build.0 = Release|x64
		{58CC3069-2AF2-4170-A812-DB6A5F3E3864}.Release|x86.ActiveCfg = Release|Win32
		{58CC3069-2AF2-4170-A812-DB6A5F3E3864}.Release|x86.Build.0 = Release|Win32
		{2E44B2CA-2AA0-4DC2-AC05-F96CDB2624AE}.Debug|x64.ActiveCfg = Debug|x64
		{2E44B2CA-2AA0-4DC2-AC05-F96CDB2624AE}.Debug|x64.Build.0 = Debug|x64
		{2E44B2CA-2AA0-4DC2-AC05-F96CDB2624AE}.Debug|x86.ActiveCfg = Debug|Win32
		{2E44B2CA-2AA0-4DC2-AC05-F96CDB2624AE}.Debug|x86.Build.0 = Debug|Win32
		{2E44B2CA-2AA0-4DC2-AC05-F96CDB2624AE}.Release|x64.ActiveCfg = Release|x64
		{2E44B2CA-2AA0-4DC2-AC05-F96CDB2624AE}.Release|x64.Build.0 = Release|x64
		{2E44B2CA-2AA0-4DC2-AC05-F96CDB2624AE}.Release|x86.ActiveCfg = Release|Win32
		{2E44B2CA-2AA0-4DC2-AC05-F96CDB2624AE}.Release|x86.Build.0 = Release|Win32
		{CEBEB75F-BFC7-41DD-B8A6-E3C84E147AB0}.Debug|x64.ActiveCfg = Debug|x64
		{CEBEB75F-BFC7-41DD-B8A6-E3C84E147AB0}.Debug|x64.Build.0 = Debug|x64
		{CEBEB75F-BFC7-41DD-B8A6-E3C84E147AB0}.Debug|x86.ActiveCfg = Debug|Win32
		{CEBEB75F-BFC7-41DD-B8A6-E3C84E147AB0}.Debug|x86.Build.0 = Debug|Win32
		{CEBEB75F-BFC7-41DD-B8A6-E3C84E147AB0}.Release|x64.ActiveCfg = Release|x64
		{CEBEB75F-BFC7-41DD-B8A6-E3C84E147AB0}.Release|x64.Build.0 = Release|x64
		{CEBEB75F-BFC7-41DD-B8A6-E3C84E147AB0}.Release|x86.ActiveCfg = Release|Win32
		{CEBEB75F-BFC7-41DD-B8A6-E3C84E147AB0}.Release|x86.Build.0 = Release|Win32
		{B69E1BBF-8457-4B65-B227-1C73E60F530C}.Debug|x64.ActiveCfg = Debug|x64
		{B69E1BBF-8457-4B65-B227-1C73E60F530C}.Debug|x64.Build.0 = Debug|x64
		{B69E1BBF-8457-4B65-B227-1C73E60F530C}.Debug|x86.ActiveCfg = Debug|Win32
		{B69E1BBF-8457-4B65-B227-1C73E60F530C}.Debug|x86.Build.0 = Debug|Win32
		{B69E1BBF-8457-4B65-B227-1C73E60F530C}.Release|x64.ActiveCfg = Release|x64
		{B69E1BBF-8457-4B65-B227-1C73E60F530C}.Release|x64.Build.0 = Release|x64
		{B69E1BBF-8457-4B65-B227-1C73E60F530C}.Release|x86.ActiveCfg = Release|Win32
		{B69E1BBF-8457-4B65-B227-1C73E60F530C}.Release|x86.Build.0 = Release|Win32
		{935B1943-FBB1-49EA-8FF5-54D6D1FBDB55}.Debug|x64.ActiveCfg = Debug|x64
		{935B1943-FBB1-49EA-8FF5-54D6D1FBDB55}.Debug|x64.Build.0 = Debug|x64
		{935B1943-FBB1-49EA-8FF5-54D6D1FBDB55}.Debug|x86.ActiveCfg = Debug|Win32
		{935B1943-FBB1-49EA-8FF5-54D6D1FBDB55}.Debug|x86.Build.0 = Debug|Win32
		{935B1943-FBB1-49EA-8FF5-54D6D1FBDB55}.Release|x64.ActiveCfg = Release|x64
		{935B1943-FBB1-49EA-8FF5-54D6D1FBDB55}.Release|x64.Build.0 = Release|x64
		{935B1943-FBB1-49EA-8FF5-54D6D1FBDB55}.Release|x86.ActiveCfg = Release|Win32
		{935B1943-FBB1-49EA-8FF5-54D6D1FBDB55}.Release|x86.Build.0 = Release|Win32
		{B7E08373-0296-48B7-BC2A-D2DC857CD0C1}.Debug|x64.ActiveCfg = Debug|x64
		{B7E08373-0296-48B7-BC2A-D2DC857CD0C1}.Debug|x64.Build.0 = Debug|x64
		{B7E08373-0296-48B7-BC2A-D2DC857CD0C1}.Debug|x86.ActiveCfg = Debug|Win32
		{B7E08373-0296-48B7-BC2A-D2DC857CD0C1}.Debug|x86.Build.0 = Debug|Win32
		{B7E08373-0296-48B7-BC2A-D2DC857CD0C1}.Release|x64.ActiveCfg = Release|x64
		{B7E08373-0296-48B7-BC2A-D2DC857CD0C1}.Release|x64.Build.0 = Release|x64
		{B7E08373-0296-48B7-BC2A-D2DC857CD0C1}.Release|x86.ActiveCfg = Release|Win32
		{B7E08373-0296-48B7-BC2A-D2DC857CD0C1}.Release|x86.Build.0 = Release|Win32
		{31D695BB-C37D-4305-AFEA-DDBC900722B2}.Debug|x64.ActiveCfg = Debug|x64
		{31D695BB-C37D-4305-AFEA-DDBC900722B2}.Debug|x64.Build.0 = Debug|x64
		{31D695BB-C37D-4305-AFEA-DDBC900722B2}.Debug|x86.ActiveCfg = Debug|Win32
		{31D695BB-C37D-4305-AFEA-DDBC900722B2}.Debug|x86.Build.0 = Debug|Win32
		{31D695BB-C37D-4305-AFEA-DDBC900722B2}.Release|x64.ActiveCfg = Release|x64
		{31D695BB-C37D-4305-AFEA-DDBC900722B2}.Release|x64.Build.0 = Release|x64
		{31D695BB-C37D-4305-AFEA-DDBC900722B2}.Release|x86.ActiveCfg = Release|Win32
		{31D695BB-C37D-4305-AFEA-DDBC900722B2}.Release|x86.Build.0 = Release|Win32
		{4953B5FE-2D20-4724-8D9A-90804906BC7C}.Debug|x64.ActiveCfg = Debug|x64
		{4953B5FE-2D20-4724-8D9A-90804906BC7C}.Debug|x64.Build.0 = Debug|x64
		{4953B5FE-2D20-4724-8D9A-90804906BC7C}.Debug|x86.ActiveCfg = Debug|Win32
		{4953B5FE-2D20-4724-8D9A-90804906BC7C}.Debug|x86.Build.0 = Debug|Win32
		{4953B5FE-2D20-4724-8D9A-90804906BC7C}.Release|x64.ActiveCfg = Release|x64
		{4953B5FE-2D20-4724-8D9A-90804906BC7C}.Release|x64.Build.0 = Release|x64
		{4953B5FE-2D20-4724-8D9A-90804906BC7C}.Release|x86.ActiveCfg = Release|Win32
		{4953B5FE-2D20-4724-8D9A-90804906BC7C}.Release|x86.Build.0 = Release|Win32
		{C222A475-3D44-4A96-B9D6-17C6AF63CFBE}.Debug|x64.ActiveCfg = Debug|x64
		{C222A475-3D44-4A96-B9D6-17C6AF63CFBE}.Debug|x64.Build.0 = Debug|x64
		{C222A475-3D44-4A96-B9D6-17C6AF63CFBE}.Debug|x86.ActiveCfg = Debug|Win32
		{C222A475-3D44-4A96-B9D6-17C6AF63CFBE}.Debug|x86.Build.0 = Debug|Win32
		{C222A475-3D44-4A96-B9D6-17C6AF63CFBE}.Release|x64.ActiveCfg = Release|x64
		{C222A475-3D44-4A96-B9D6-17C6AF63CFBE}.Release|x64.Build.0 = Release|x64
		{C222A475-3D44-4A96-B9D6-17C6AF63CFBE}.Release|x86.ActiveCfg = Release|Win32
		{C222A475-3D44-4A96-B9D6-17C6AF63CFBE}.Release|x86.Build.0 = Release|Win32
		{29E33C30-12FA-4154-AC17-0AC22379FDD9}.Debug|x64.ActiveCfg = Debug|x64
		{29E33C30-12FA-4154-AC17-0AC22379FDD9}.Debug|x64.Build.0 = Debug|x64
		{29E33C30-12FA-4154-AC17-0AC22379FDD9}.Debug|x86.ActiveCfg = Debug|Win32
		{29E33C30-12FA-4154-AC17-0AC22379FDD9}.Debug|x86.Build.0 = Debug|Win32
		{29E33C30-12FA-4154-AC17-0AC22379FDD9}.Release|x64.ActiveCfg = Release|x64
		{29E33C30-12FA-4154-AC17-0AC22379FDD9}.Release|x64.Build.0 = Release|x64
		{29E33C30-12FA-4154-AC17-0AC22379FDD9}.Release|x86.ActiveCfg = Release|Win32
		{29E33C30-12FA-4154-AC17-0AC22379FDD9}.Release|x86.Build.0 = Release|Win32
		{D24E1D06-19FC-401B-BA9B-7B6420A0F770}.Debug|x64.ActiveCfg = Debug|x64
		{D24E1D06-19FC-401B-BA9B-7B6420A0F770}.Debug|x64.Build.0 = Debug|x64
		{D24E1D06-19FC-401B-BA9B-7B6420A0F770}.Debug|x86.ActiveCfg = Debug|Win32
		{D24E1D06-19FC-401B-BA9B-7B6420A0F770}.Debug|x86.Build.0 = Debug|Win32
		{D24E1D06-19FC-401B-BA9B-7B6420A0F770}.Release|x64.ActiveCfg = Release|x64
		{D24E1D06-19FC-401B-BA9B-7B6420A0F770}.Release|x64.Build.0 = Release|x64
		{D24E1D06-19FC-401B-BA9B-7B6420A0F770}.Release|x86.ActiveCfg = Release|Win32
		{D24E1D06-19FC-401B-BA9B-7B6420A0F770}.Release|x86.Build.0 = Release|Win32
		{3BB265CB-C2F3-4BFB-A3EE-7AC8119631BD}.Debug|x64.ActiveCfg = Debug|x64
		{3BB265CB-C2F3-4BFB-A3EE-7AC8119631BD}.Debug|x64.Build.0 = Debug|x64
		{3BB265CB-C2F3-4BFB-A3EE-7AC8119631BD}.Debug|x86.ActiveCfg = Debug|Win32
		{3BB265CB-C2F3-4BFB-A3EE-7AC8119631BD}.Debug|x86.Build.0 = Debug|Win32
		{3BB265CB-C2F3-4BFB-A3EE-7AC8119631BD}.Release|x64.ActiveCfg = Release|x64
		{3BB265CB-C2F3-4BFB-A3EE-7AC8119631BD}.Release|x64.Build.0 = Release|x64
		{3BB265CB-C2F3-4BFB-A3EE-7AC8119631BD}.Release|x86.ActiveCfg = Release|Win32
		{3BB265CB-C2F3-4BFB-A3EE-7AC8119631BD}.Release|x86.Build.0 = Release|Win32
		{56F2336C-0508-4CFC-A7E8-1E50F81246F6}.Debug|x64.ActiveCfg = Debug|x64
		{56F2336C-0508-4CFC-A7E8-1E50F81246F6}.Debug|x64.Build.0 = Debug|x64
		{56F2336C-0508-4CFC-A7E8-1E50F81246F6}.Debug|x86.ActiveCfg = Debug|Win32
		{56F2336C-0508-4CFC-A7E8-1E50F81246F6}.Debug|x86.Build.0 = Debug|Win32
		{56F2336C-0508-4CFC-A7E8-1E50F81246F6}.Release|x64.ActiveCfg = Release|x64
		{56F2336C-0508-4CFC-A7E8-1E50F81246F6}.Release|x64.Build.0 = Release|x64
		{56F2336C-0508-4CFC-A7E8-1E50F81246F6}.Release|x86.ActiveCfg = Release|Win32
		{56F2336C-0508-4CFC-A7E8-1E50F81246F6}.Release|x86.Build.0 = Release|Win32
		{337221AC-1AB7-40F2-8A12-4128E874D4A4}.Debug|x64.ActiveCfg = Debug|x64
		{337221AC-1AB7-40F2-8A12-4128E874D4A4}.Debug|x64.Build.0 = Debug|x64
		{337221AC-1AB7-40F2-8A12-4128E874D4A4}.Debug|x86.ActiveCfg = Debug|Win32
		{337221AC-1AB7-40F2-8A12-4128E874D4A4}.Debug|x86.Build.0 = Debug|Win32
		{337221AC-1AB7-40F2-8A12-4128E874D4A4}.Release|x64.ActiveCfg = Release|x64
		{337221AC-1AB7-40F2-8A12-4128E874D4A4}.Release|x64.Build.0 = Release|x64
		{337221AC-1AB7-40F2-8A12-4128E874D4A4}.Release|x86.ActiveCfg = Release|Win32
		{337221AC-1AB7-40F2-8A12-4128E874D4A4}.Release|x86.Build.0 = Release|Win32
		{F6277A24-907E-41FE-B3E3-D9C81CB25732}.Debug|x64.ActiveCfg = Debug|x64
		{F6277A24-907E-41FE-B3E3-D9C81CB25732}.Debug|x64.Build.0 = Debug|x64
		{F6277A24-907E-41FE-B3E3-D9C81CB25732}.Debug|x86.ActiveCfg = Debug|Win32
		{F6277A24-907E-41FE-B3E3-D9C81CB25732}.Debug|x86.Build.0 = Debug|Win32
		{F6277A24-907E-41FE-B3E3-D9C81CB25732}.Release|x64.ActiveCfg = Release|x64
		{F6277A24-907E-41FE-B3E3-D9C81CB25732}.Release|x64.Build.0 = Release|x64
		{F6277A24-907E-41FE-B3E3-D9C81CB25732}.Release|x86.ActiveCfg = Release|Win32
		{F6277A24-907E-41FE-B3E3-D9C81CB25732}.Release|x86.Build.0 = Release|Win32
		{91A9602F-1732-48B1-97EE-51A6E6D6A799}.Debug|x64.ActiveCfg = Debug|x64
		{91A9602F-1732-48B1-97EE-51A6E6D6A799}.Debug|x64.Build.0 = Debug|x64
		{91A9602F-1732-48B1-97EE-51A6E6D6A799}.Debug|x86.ActiveCfg = Debug|Win32
		{91A9602F-1732-48B1-97EE-51A6E6D6A799}.Debug|x86.Build.0 = Debug|Win32
		{91A9602F-1732-48B1-97EE-51A6E6D6A799}.Release|x64.ActiveCfg = Release|x64
		{91A9602F-1732-48B1-97EE-51A6E6D6A799}.Release|x64.Build.0 = Release|x64
		{91A9602F-1732-48B1-97EE-51A6E6D6A799}.Release|x86.ActiveCfg = Release|Win32
		{91A9602F-1732-48B1-97EE-51A6E6D6A799}.Release|x86.Build.0 = Release|Win32
		{B7A976BE-CBBB-4401-B18F-D578C28E242B}.Debug|x64.ActiveCfg = Debug|x64
		{B7A976BE-CBBB-4401-B18F-D578C28E242B}.Debug|x64.Build.0 = Debug|x64
		{B7A976BE-CBBB-4401-B18F-D578C28E242B}.Debug|x86.ActiveCfg = Debug|Win32
		{B7A976BE-CBBB-4401-B18F-D578C28E242B}.Debug|x86.Build.0 = Debug|Win32
		{B7A976BE-CBBB-4401-B18F-D578C28E242B}.Release|x64.ActiveCfg = Release|x64
		{B7A976BE-CBBB-4401-B18F-D578C28E242B}.Release|x64.Build.0 = Release|x64
		{B7A976BE-CBBB-4401-B18F-D578C28E242B}.Release|x86.ActiveCfg = Release|Win32
		{B7A976BE-CBBB-4401-B18F-D578C28E242B}.Release|x86.Build.0 = Release|Win32
		{54C3BA5D-707F-43EC-B9E4-55859775C40E}.Debug|x64.ActiveCfg = Debug|x64
		{54C3BA5D-707F-43EC-B9E4-55859775C40E}.Debug|x64.Build.0 = Debug|x64
		{54C3BA5D-707F-43EC-B9E4-55859775C40E}.Debug|x86.ActiveCfg = Debug|Win32
		{54C3BA5D-707F-43EC-B9E4-55859775C40E}.Debug|x86.Build.0 = Debug|Win32
		{54C3BA5D-707F-43EC-B9E4-55859775C40E}.Release|x64.ActiveCfg = Release|x64
		{54C3BA5D-707F-43EC-B9E4-55859775C40E}.Release|x64.Build.0 = Release|x64
		{54C3BA5D-707F-43EC-B9E4-55859775C40E}.Release|x86.ActiveCfg = Release|Win32
		{54C3BA5D-707F-43EC-B9E4-55859775C40E}.Release|x86.Build.0 = Release|Win32
		{1CDEA9A9-BBEF-4D82-929E-A1702463EDC9}.Debug|x64.ActiveCfg = Debug|x64
		{1CDEA9A9-BBEF-4D82-929E-A1702463EDC9}.Debug|x64.Build.0 = Debug|x64
		{1CDEA9A9-BBEF-4D82-929E-A1702463EDC9}.Debug|x86.ActiveCfg = Debug|Win32
		{1CDEA9A9-BBEF-4D82-929E-A1702463EDC9}.Debug|x86.Build.0 = Debug|Win32
		{1CDEA9A9-BBEF-4D82-929E-A1702463EDC9}.Release|x64.ActiveCfg = Release|x64
		{1CDEA9A9-BBEF-4D82-929E-A1702463EDC9}.Release|x64.Build.0 = Release|x64
		{1CDEA9A9-BBEF-4D82-929E-A1702463EDC9}.Release|x86.ActiveCfg = Release|Win32
		{1CDEA9A9-BBEF-4D82-929E-A1702463EDC9}.Release|x86.Build.0 = Release|Win32
		{4FA041A4-A12D-4AF6-A6D5-72469576AD0B}.Debug|x64.ActiveCfg = Debug|x64
		{4FA041A4-A12D-4AF6-A6D5-72469576AD0B}.Debug|x64.Build.0 = Debug|x64
		{4FA041A4-A12D-4AF6-A6D5-72469576AD0B}.Debug|x86.ActiveCfg = Debug|Win32
		{4FA041A4-A12D-4AF6-A6D5-72469576AD0B}.Debug|x86.Build.0 = Debug|Win32
		{4FA041A4-A12D-4AF6-A6D5-72469576AD0B}.Release|x64.ActiveCfg = Release|x64
		{4FA041A4-A12D-4AF6-A6D5-72469576AD0B}.Release|x64.Build.0 = Release|x64
		{4FA041A4-A12D-4AF6-A6D5-72469576AD0B}.Release|x86.ActiveCfg = Release|Win32
		{4FA041A4-A12D-4AF6-A6D5-72469576AD0B}.Release|x86.Build.0 = Release|Win32
		{2938E6A2-D041-407E-AA35-2FEBB7C9373D}.Debug|x64.ActiveCfg = Debug|x64
		{2938E6A2-D041-407E-AA35-2FEBB7C9373D}.Debug|x64.Build.0 = Debug|x64
		{2938E6A2-D041-407E-AA35-2FEBB7C9373D}.Debug|x86.ActiveCfg = Debug|Win32
		{2938E6A2-D041-407E-AA35-2FEBB7C9373D}.Debug|x86.Build.0 = Debug|Win32
		{2938E6A2-D041-407E-AA35-2FEBB7C9373D}.Release|x64.ActiveCfg = Release|x64
		{2938E6A2-D041-407E-AA35-2FEBB7C9373D}.Release|x64.Build.0 = Release|x64
		{2938E6A2-D041-407E-AA35-2FEBB7C9373D}.Release|x86.ActiveCfg = Release|Win32
		{2938E6A2-D041-407E-AA35-2FEBB7C9373D}.Release|x86.Build.0 = Release|Win32
		{69D4FC23-3E05-4CAC-BCB8-1E3670780679}.Debug|x64.ActiveCfg = Debug|x64
		{69D4FC23-3E05-4CAC-BCB8-1E3670780679}.Debug|x64.Build.0 = Debug|x64
		{69D4FC23-3E05-4CAC-BCB8-1E3670780679}.Debug|x86.ActiveCfg = Debug|Win32
		{69D4FC23-3E05-4CAC-BCB8-1E3670780679}.Debug|x86.Build.0 = Debug|Win32
		{69D4FC23-3E05-4CAC-BCB8-1E3670780679}.Release|x64.ActiveCfg = Release|x64
		{69D4FC23-3E05-4CAC-BCB8-1E3670780679}.Release|x64.Build.0 = Release|x64
		{69D4FC23-3E05-4CAC-BCB8-1E3670780679}.Release|x86.ActiveCfg = Release|Win32
		{69D4FC23-3E05-4CAC-BCB8-1E3670780679}.Release|x86.Build.0 = Release|Win32
		{B54FB781-AA4D-41B9-8B79-929D2E556C95}.Debug|x64.ActiveCfg = Debug|x64
		{B54FB781-AA4D-41B9-8B79-929D2E556C95}.Debug|x64.Build.0 = Debug|x64
		{B54FB781-AA4D-41B9-8B79-929D2E556C95}.Debug|x86.ActiveCfg = Debug|Win32
		{B54FB781-AA4D-41B9-8B79-929D2E556C95}.Debug|x86.Build.0 = Debug|Win32
		{B54FB781-AA4D-41B9-8B79-929D2E556C95}.Release|x64.ActiveCfg = Release|x64
		{B54FB781-AA4D-41B9-8B79-929D2E556C95}.Release|x64.Build.0 = Release|x64
		{B54FB781-AA4D-41B9-8B79-929D2E556C95}.Release|x86.ActiveCfg = Release|Win32
		{B54FB781-AA4D-41B9-8B79-929D2E556C95}.Release|x86.Build.0 = Release|Win32
		{35C27FE5-0C86-4D92-A8B9-04DA66613951}.Debug|x64.ActiveCfg = Debug|x64
		{35C27FE5-0C86-4D92-A8B9-04DA66613951}.Debug|x64.Build.0 = Debug|x64
		{35C27FE5-0C86-4D92-A8B9-04DA66613951}.Debug|x86.ActiveCfg = Debug|Win32
		{35C27FE5-0C86-4D92-A8B9-04DA66613951}.Debug|x86.Build.0 = Debug|Win32
		{35C27FE5-0C86-4D92-A8B9-04DA66613951}.Release|x64.ActiveCfg = Release|x64
		{35C27FE5-0C86-4D92-A8B9-04DA66613951}.Release|x64.Build.0 = Release|x64
		{35C27FE5-0C86-4D92-A8B9-04DA66613951}.Release|x86.ActiveCfg = Release|Win32
		{35C27FE5-0C86-4D92-A8B9-04DA66613951}.Release|x86.Build.0 = Release|Win32
		{E47BF21C-0C37-4D8D-AD64-05F77A6DAFF3}.Debug|x64.ActiveCfg = Debug|x64
		{E47BF21C-0C37-4D8D-AD64-05F77A6DAFF3}.Debug|x64.Build.0 = Debug|x64
		{E47BF21C-0C37-4D8D-AD64-05F77A6DAFF3}.Debug|x86.ActiveCfg = Debug|Win32
		{E47BF21C-0C37-4D8D-AD64-05F77A6DAFF3}.Debug|x86.Build.0 = Debug|Win32
		{E47BF21C-0C37-4D8D-AD64-05F77A6DAFF3}.Release|x64.ActiveCfg = Release|x64
		{E47BF21C-0C37-4D8D-AD64-05F77A6DAFF3}.Release|x64.Build.0 = Release|x64
		{E47BF21C-0C37-4D8D-AD64-05F77A6DAFF3}.Release|x86.ActiveCfg = Release|Win32
		{E47BF21C-0C37-4D8D-AD64-05F77A6DAFF3}.Release|x86.Build.0 = Release|Win32
		{FFD716FD-01F6-46A9-8B8D-A0F5324BA3B3}.Debug|x64.ActiveCfg = Debug|x64
		{FFD716FD-01F6-46A9-8B8D-A0F5324BA3B3}.Debug|x64.Build.0 = Debug|x64
		{FFD716FD-01F6-46A9-8B8D-A0F5324BA3B3}.Debug|x86.ActiveCfg = Debug|Win32
		{FFD716FD-01F6-46A9-8B8D-A0F5324BA3B3}.Debug|x86.Build.0 = Debug|Win32
		{FFD716FD-01F6-46A9-8B8D-A0F5324BA3B3}.Release|x64.ActiveCfg = Release|x64
		{FFD716FD-01F6-46A9-8B8D-A0F5324BA3B3}.Release|x64.Build.0 = Release|x64
		{FFD716FD-01F6-46A9-8B8D-A0F5324BA3B3}.Release|x86.ActiveCfg = Release|Win32
		{FFD716FD-01F6-46A9-8B8D-A0F5324BA3B3}.Release|x86.Build.0 = Release|Win32
		{C8855A43-C392-44AF-BD0A-EBC9B0D4DC85}.Debug|x64.ActiveCfg = Debug|x64
		{C8855A43-C392-44AF-BD0A-EBC9B0D4DC85}.Debug|x64.Build.0 = Debug|x64
		{C8855A43-C392-44AF-BD0A-EBC9B0D4DC85}.Debug|x86.ActiveCfg = Debug|Win32
		{C8855A43-C392-44AF-BD0A-EBC9B0D4DC85}.Debug|x86.Build.0 = Debug|Win32
		{C8855A43-C392-44AF-BD0A-EBC9B0D4DC85}.Release|x64.ActiveCfg = Release|x64
		{C8855A43-C392-44AF-BD0A-EBC9B0D4DC85}.Release|x64.Build.0 = Release|x64
		{C8855A43-C392-44AF-BD0A-EBC9B0D4DC85}.Release|x86.ActiveCfg = Release|Win32
		{C8855A43-C392-44AF-BD0A-EBC9B0D4DC85}.Release|x86.Build.0 = Release|Win32
		{A42CA51B-6396-4411-A749-66B0CF856223}.Debug|x64.ActiveCfg = Debug|x64
		{A42CA51B-6396-4411-A749-66B0CF856223}.Debug|x64.Build.0 = Debug|x64
		{A42CA51B-6396-4411-A749-66B0CF856223}.Debug|x86.ActiveCfg = Debug|Win32
		{A42CA51B-6396-4411-A749-66B0CF856223}.Debug|x86.Build.0 = Debug|Win32
		{A42CA51B-6396-4411-A749-66B0CF856223}.Release|x64.ActiveCfg = Release|x64
		{A42CA51B-6396-4411-A749-66B0CF856223}.Release|x64.Build.0 = Release|x64
		{A42CA51B-6396-4411-A749-66B0CF856223}.Release|x86.ActiveCfg = Release|Win32
		{A42CA51B-6396-4411-A749-66B0CF856223}.Release|x86.Build.0 = Release|Win32
		{E8DB8A0F-C862-4E09-9DDE-2D68CF354DC3}.Debug|x64.ActiveCfg = Debug|x64
		{E8DB8A0F-C862-4E09-9DDE-2D68CF354DC3}.Debug|x64.Build.0 = Debug|x64
		{E8DB8A0F-C862-4E09-9DDE-2D68CF354DC3}.Debug|x86.ActiveCfg = Debug|Win32
		{E8DB8A0F-C862-4E09-9DDE-2D68CF354DC3}.Debug|x86.Build.0 = Debug|Win32
		{E8DB8A0F-C862-4E09-9DDE-2D68CF354DC3}.Release|x64.ActiveCfg = Release|x64
		{E8DB8A0F-C862-4E09-9DDE-2D68CF354DC3}.Release|x64.Build.0 = Release|x64
		{E8DB8A0F-C862-4E09-9DDE-2D68CF354DC3}.Release|x86.ActiveCfg = Release|Win32
		{E8DB8A0F-C862-4E09-9DDE-2D68CF354DC3}.Release|x86.Build.0 = Release|Win32
		{B2139F97-9AEF-45E1-B621-335F55271257}.Debug|x64.ActiveCfg = Debug|x64
		{B2139F97-9AEF-45E1-B621-335F55271257}.Debug|x64.Build.0 = Debug|x64
		{B2139F97-9AEF-45E1-B621-335F55271257}.Debug|x86.ActiveCfg = Debug|Win32
		{B2139F97-9AEF-45E1-B621-335F55271257}.Debug|x86.Build.0 = Debug|Win32
		{B2139F97-9AEF-45E1-B621-335F55271257}.Release|x64.ActiveCfg = Release|x64
		{B2139F97-9AEF-45E1-B621-335F55271257}.Release|x64.Build.0 = Release|x64
		{B2139F97-9AEF-45E1-B621-335F55271257}.Release|x86.ActiveCfg = Release|Win32
		{B2139F97-9AEF-45E1-B621-335F55271257}.Release|x86.Build.0 = Release|Win32
		{8C8EBB20-2D35-4550-9EB2-4A723A399BD5}.Debug|x64.ActiveCfg = Debug|x64
		{8C8EBB20-2D35-4550-9EB2-4A723A399BD5}.Debug|x64.Build.0 = Debug|x64
		{8C8EBB20-2D35-4550-9EB2-4A723A399BD5}.Debug|x86.ActiveCfg = Debug|Win32
		{8C8EBB20-2D35-4550-9EB2-4A723A399BD5}.Debug|x86.Build.0 = Debug|Win32
		{8C8EBB20-2D35-4550-9EB2-4A723A399BD5}.Release|x64.ActiveCfg = Release|x64
		{8C8EBB20-2D35-4550-9EB2-4A723A399BD5}.Release|x64.Build.0 = Release|x64
		{8C8EBB20-2D35-4550-9EB2-4A723A399BD5}.Release|x86.ActiveCfg = Release|Win32
		{8C8EBB20-2D35-4550-9EB2-4A723A399BD5}.Release|x86.Build.0 = Release|Win32
		{FB79BB46-6F92-43EA-9EC5-8E456B0E1C25}.Debug|x64.ActiveCfg = Debug|x64
		{FB79BB46-6F92-43EA-9EC5-8E456B0E1C25}.Debug|x64.Build.0 = Debug|x64
		{FB79BB46-6F92-43EA-9EC5-8E456B0E1C25}.Debug|x86.ActiveCfg = Debug|Win32
		{FB79BB46-6F92-43EA-9EC5-8E456B0E1C25}.Debug|x86.Build.0 = Debug|Win32
		{FB79BB46-6F92-43EA-9EC5-8E456B0E1C25}.Release|x64.ActiveCfg = Release|x64
		{FB79BB46-6F92-43EA-9EC5-8E456B0E1C25}.Release|x64.Build.0 = Release|x64
		{FB79BB46-6F92-43EA-9EC5-8E456B0E1C25}.Release|x86.ActiveCfg = Release|Win32
		{FB79BB46-6F92-43EA-9EC5-8E456B0E1C25}.Release|x86.Build.0 = Release|Win32
		{DD3AD5B9-963B-4B1B-B3B9-31EE6D6603F1}.Debug|x64.ActiveCfg = Debug|x64
		{DD3AD5B9-963B-4B1B-B3B9-31EE6D6603F1}.Debug|x64.Build.0 = Debug|x64
		{DD3AD5B9-963B-4B1B-B3B9-31EE6D6603F1}.Debug|x86.ActiveCfg = Debug|Win32
		{DD3AD5B9-963B-4B1B-B3B9-31EE6D6603F1}.Debug|x86.Build.0 = Debug|Win32
		{DD3AD5B9-963B-4B1B-B3B9-31EE6D6603F1}.Release|x64.ActiveCfg = Release|x64
		{DD3AD5B9-963B-4B1B-B3B9-31EE6D6603F1}.Release|x64.Build.0 = Release|x64
		{DD3AD5B9-963B-4B1B-B3B9-31EE6D6603F1}.Release|x86.ActiveCfg = Release|Win32
		{DD3AD5B9-963B-4B1B-B3B9-31EE6D6603F1}.Release|x86.Build.0 = Release|Win32
		{D5964250-D32B-4257-B833-AFE7B61944CE}.Debug|x64.ActiveCfg = Debug|x64
		{D5964250-D32B-4257-B833-AFE7B61944CE}.Debug|x64.Build.0 = Debug|x64
		{D5964250-D32B-4257-B833-AFE7B61944CE}.Debug|x86.ActiveCfg = Debug|Win32
		{D5964250-D32B-4257-B833-AFE7B61944CE}.Debug|x86.Build.0 = Debug|Win32
		{D5964250-D32B-4257-B833-AFE7B61944CE}.Release|x64.ActiveCfg = Release|x64
		{D5964250-D32B-4257-B833-AFE7B61944CE}.Release|x64.Build.0 = Release|x64
		{D5964250-D32B-4257-B833-AFE7B61944CE}.Release|x86.ActiveCfg = Release|Win32
		{D5964250-D32B-4257-B833-AFE7B61944CE}.Release|x86.Build.0 = Release|Win32
		{683723A1-024E-4BE4-868B-0EF1F70FF36F}.Debug|x64.ActiveCfg = Debug|x64
		{683723A1-024E-4BE4-868B-0EF1F70FF36F}.Debug|x64.Build.0 = Debug|x64
		{683723A1-024E-4BE4-868B-0EF1F70FF36F}.Debug|x86.ActiveCfg = Debug|Win32
		{683723A1-024E-4BE4-868B-0EF1F70FF36F}.Debug|x86.Build.0 = Debug|Win32
		{683723A1-024E-4BE4-868B-0EF1F70FF36F}.Release|x64.ActiveCfg = Release|x64
		{683723A1-024E-4BE4-868B-0EF1F70FF36F}.Release|x64.Build.0 = Release|x64
		{683723A1-024E-4BE4-868B-0EF1F70FF36F}.Release|x86.ActiveCfg = Release|Win32
		{683723A1-024E-4BE4-868B-0EF1F70FF36F}.Release|x86.Build.0 = Release|Win32
		{01319A4E-1C92-483E-8276-DAA6C44BEEAD}.Debug|x64.ActiveCfg = Debug|x64
		{01319A4E-1C92-483E-8276-DAA6C44BEEAD}.Debug|x64.Build.0 = Debug|x64
		{01319A4E-1C92-483E-8276-DAA6C44BEEAD}.Debug|x86.ActiveCfg = Debug|Win32
		{01319A4E-1C92-483E-8276-DAA6C44BEEAD}.Debug|x86.Build.0 = Debug|Win32
		{01319A4E-1C92-483E-8276-DAA6C44BEEAD}.Release|x64.ActiveCfg = Release|x64
		{01319A4E-1C92-483E-8276-DAA6C44BEEAD}.Release|x64.Build.0 = Release|x64
		{01319A4E-1C92-483E-8276-DAA6C44BEEAD}.Release|x86.ActiveCfg = Release|Win32
		{01319A4E-1C92-483E-8276-DAA6C44BEEAD}.Release|x86.Build.0 = Release|Win32
		{959DD701-FFCA-4F6F-87A9-8270BDFA9FA5}.Debug|x64.ActiveCfg = Debug|x64
		{959DD701-FFCA-4F6F-87A9-8270BDFA9FA5}.Debug|x64.Build.0 = Debug|x64
		{959DD701-FFCA-4F6F-87A9-8270BDFA9FA5}.Debug|x86.ActiveCfg = Debug|Win32
		{959DD701-FFCA-4F6F-87A9-8270BDFA9FA5}.Debug|x86.Build.0 = Debug|Win32
		{959DD701-FFCA-4F6F-87A9-8270BDFA9FA5}.Release|x64.ActiveCfg = Release|x64
		{959DD701-FFCA-4F6F-87A9-8270BDFA9FA5}.Release|x64.Build.0 = Release|x64
		{959DD701-FFCA-4F6F-87A9-8270BDFA9FA5}.Release|x86.ActiveCfg = Release|Win32
		{959DD701-FFCA-4F6F-87A9-8270BDFA9FA5}.Release|x86.Build.0 = Release|Win32
		{60FB3724-59F0-4E14-B4F9-F2EA3E2C8902}.Debug|x64.ActiveCfg = Debug|x64
		{60FB3724-59F0-4E14-B4F9-F2EA3E2C8902}.Debug|x64.Build.0 = Debug|x64
		{60FB3724-59F0-4E14-B4F9-F2EA3E2C8902}.Debug|x86.ActiveCfg = Debug|Win32
		{60FB3724-59F0-4E14-B4F9-F2EA3E2C8902}.Debug|x86.Build.0 = Debug|Win32
		{60FB3724-59F0-4E14-B4F9-F2EA3E2C8902}.Release|x64.ActiveCfg = Release|x64
		{60FB3724-59F0-4E14-B4F9-F2EA3E2C8902}.Release|x64.Build.0 = Release|x64
		{60FB3724-59F0-4E14-B4F9-F2EA3E2C8902}.Release|x86.ActiveCfg = Release|Win32
		{60FB3724-59F0-4E14-B4F9-F2EA3E2C8902}.Release|x86.Build.0 = Release|Win32
		{AF14D362-68C7-4D16-8669-CD4892A3A054}.Debug|x64.ActiveCfg = Debug|x64
		{AF14D362-68C7-4D16-8669-CD4892A3A054}.Debug|x64.Build.0 = Debug|x64
		{AF14D362-68C7-4D16-8669-CD4892A3A054}.Debug|x86.ActiveCfg = Debug|Win32
		{AF14D362-68C7-4D16-8669-CD4892A3A054}.Debug|x86.Build.0 = Debug|Win32
		{AF14D362-68C7-4D16-8669-CD4892A3A054}.Release|x64.ActiveCfg = Release|x64
		{AF14D362-68C7-4D16-8669-CD4892A3A054}.Release|x64.Build.0 = Release|x64
		{AF14D362-68C7-4D16-8669-CD4892A3A054}.Release|x86.ActiveCfg = Release|Win32
		{AF14D362-68C7-4D16-8669-CD4892A3A054}.Release|x86.Build.0 = Release|Win32
		{CC7B3D73-96B9-44B1-B758-96317CD1D266}.Debug|x64.ActiveCfg = Debug|x64
		{CC7B3D73-96B9-44B1-B758-96317CD1D266}.Debug|x64.Build.0 = Debug|x64
		{CC7B3D73-96B9-44B1-B758-96317CD1D266}.Debug|x86.ActiveCfg = Debug|Win32
		{CC7B3D73-96B9-44B1-B758-96317CD1D266}.Debug|x86.Build.0 = Debug|Win32
		{CC7B3D73-96B9-44B1-B758-96317CD1D266}.Release|x64.ActiveCfg = Release|x64
		{CC7B3D73-96B9-44B1-B758-96317CD1D266}.Release|x64.Build.0 = Release|x64
		{CC7B3D73-96B9-44B1-B758-96317CD1D266}.Release|x86.ActiveCfg = Release|Win32
		{CC7B3D73-96B9-44B1-B758-96317CD1D266}.Release|x86.Build.0 = Release|Win32
		{409CEDF2-7C95-49EF-BAB8-1A1F50B2F78D}.Debug|x64.ActiveCfg = Debug|x64
		{409CEDF2-7C95-49EF-BAB8-1A1F50B2F78D}.Debug|x64.Build.0 = Debug|x64
		{409CEDF2-7C95-49EF-BAB8-1A1F50B2F78D}.Debug|x86.ActiveCfg = Debug|Win32
		{409CEDF2-7C95-49EF-BAB8-1A1F50B2F78D}.Debug|x86.Build.0 = Debug|Win32
		{409CEDF2-7C95-49EF-BAB8-1A1F50B2F78D}.Release|x64.ActiveCfg = Release|x64
		{409CEDF2-7C95-49EF-BAB8-1A1F50B2F78D}.Release|x64.Build.0 = Release|x64
		{409CEDF2-7C95-49EF-BAB8-1A1F50B2F78D}.Release|x86.ActiveCfg = Release|Win32
		{409CEDF2-7C95-49EF-BAB8-1A1F50B2F78D}.Release|x86.Build.0 = Release|Win32
		{7C392822-C674-4674-B841-AB081997A14A}.Debug|x64.ActiveCfg = Debug|x64
		{7C392822-C674-4674-B841-AB081997A14A}.Debug|x64.Build.0 = Debug|x64
		{7C392822-C674-4674-B841-AB081997A14A}.Debug|x86.ActiveCfg = Debug|Win32
		{7C392822-C674-4674-B841-AB081997A14A}.Debug|x86.Build.0 = Debug|Win32
		{7C392822-C674-4674-B841-AB081997A14A}.Release|x64.ActiveCfg = Release|x64
		{7C392822-C674-4674-B841-AB081997A14A}.Release|x64.Build.0 = Release|x64
		{7C392822-C674-4674-B841-AB081997A14A}.Release|x86.ActiveCfg = Release|Win32
		{7C392822-C674-4674-B841-AB081997A14A}.Release|x86.Build.0 = Release|Win32
		{F4ED2E55-889F-4B6B-979C-ED3642398005}.Debug|x64.ActiveCfg = Debug|x64
		{F4ED2E55-889F-4B6B-979C-ED3642398005}.Debug|x64.Build.0 = Debug|x64
		{F4ED2E55-889F-4B6B-979C-ED3642398005}.Debug|x86.ActiveCfg = Debug|Win32
		{F4ED2E55-889F-4B6B-979C-ED3642398005}.Debug|x86.Build.0 = Debug|Win32
		{F4ED2E55-889F-4B6B-979C-ED3642398005}.Release|x64.ActiveCfg = Release|x64
		{F4ED2E55-889F-4B6B-979C-ED3642398005}.Release|x64.Build.0 = Release|x64
		{F4ED2E55-889F-4B6B-979C-ED3642398005}.Release|x86.ActiveCfg = Release|Win32
		{F4ED2E55-889F-4B6B-979C-ED3642398005}.Release|x86.Build.0 = Release|Win32
	EndGlobalSection
	GlobalSection(SolutionProperties) = preSolution
		HideSolutionNode = FALSE
	EndGlobalSection
	GlobalSection(NestedProjects) = preSolution
		{D8BC3659-B3A8-4BBB-8D10-01153A56810F} = {B61138BD-B768-475B-8AB8-6114583238F8}
		{27470D24-DF7E-4BA8-8B8B-A43F2296928E} = {B61138BD-B768-475B-8AB8-6114583238F8}
		{B558FA8E-E951-45A5-959A-1869724B6E42} = {B61138BD-B768-475B-8AB8-6114583238F8}
		{4E3997EF-AFCE-4B21-AD61-B9A6F63991DF} = {B61138BD-B768-475B-8AB8-6114583238F8}
		{58CC3069-2AF2-4170-A812-DB6A5F3E3864} = {B61138BD-B768-475B-8AB8-6114583238F8}
		{2E44B2CA-2AA0-4DC2-AC05-F96CDB2624AE} = {B61138BD-B768-475B-8AB8-6114583238F8}
		{CEBEB75F-BFC7-41DD-B8A6-E3C84E147AB0} = {B61138BD-B768-475B-8AB8-6114583238F8}
		{B69E1BBF-8457-4B65-B227-1C73E60F530C} = {B61138BD-B768-475B-8AB8-6114583238F8}
		{935B1943-FBB1-49EA-8FF5-54D6D1FBDB55} = {B61138BD-B768-475B-8AB8-6114583238F8}
		{B7E08373-0296-48B7-BC2A-D2DC857CD0C1} = {B61138BD-B768-475B-8AB8-6114583238F8}
		{31D695BB-C37D-4305-AFEA-DDBC900722B2} = {B61138BD-B768-475B-8AB8-6114583238F8}
		{4953B5FE-2D20-4724-8D9A-90804906BC7C} = {B61138BD-B768-475B-8AB8-6114583238F8}
		{C222A475-3D44-4A96-B9D6-17C6AF63CFBE} = {B61138BD-B768-475B-8AB8-6114583238F8}
		{29E33C30-12FA-4154-AC17-0AC22379FDD9} = {B61138BD-B768-475B-8AB8-6114583238F8}
		{D24E1D06-19FC-401B-BA9B-7B6420A0F770} = {B61138BD-B768-475B-8AB8-6114583238F8}
		{3BB265CB-C2F3-4BFB-A3EE-7AC8119631BD} = {B61138BD-B768-475B-8AB8-6114583238F8}
		{56F2336C-0508-4CFC-A7E8-1E50F81246F6} = {B61138BD-B768-475B-8AB8-6114583238F8}
		{337221AC-1AB7-40F2-8A12-4128E874D4A4} = {568A1E31-EB19-4DCF-A1AB-5F76073C3773}
		{F6277A24-907E-41FE-B3E3-D9C81CB25732} = {568A1E31-EB19-4DCF-A1AB-5F76073C3773}
		{91A9602F-1732-48B1-97EE-51A6E6D6A799} = {568A1E31-EB19-4DCF-A1AB-5F76073C3773}
		{B7A976BE-CBBB-4401-B18F-D578C28E242B} = {568A1E31-EB19-4DCF-A1AB-5F76073C3773}
		{54C3BA5D-707F-43EC-B9E4-55859775C40E} = {568A1E31-EB19-4DCF-A1AB-5F76073C3773}
		{1CDEA9A9-BBEF-4D82-929E-A1702463EDC9} = {568A1E31-EB19-4DCF-A1AB-5F76073C3773}
		{4FA041A4-A12D-4AF6-A6D5-72469576AD0B} = {568A1E31-EB19-4DCF-A1AB-5F76073C3773}
		{2938E6A2-D041-407E-AA35-2FEBB7C9373D} = {568A1E31-EB19-4DCF-A1AB-5F76073C3773}
		{69D4FC23-3E05-4CAC-BCB8-1E3670780679} = {568A1E31-EB19-4DCF-A1AB-5F76073C3773}
		{B54FB781-AA4D-41B9-8B79-929D2E556C95} = {568A1E31-EB19-4DCF-A1AB-5F76073C3773}
		{35C27FE5-0C86-4D92-A8B9-04DA66613951} = {568A1E31-EB19-4DCF-A1AB-5F76073C3773}
		{E47BF21C-0C37-4D8D-AD64-05F77A6DAFF3} = {568A1E31-EB19-4DCF-A1AB-5F76073C3773}
		{FFD716FD-01F6-46A9-8B8D-A0F5324BA3B3} = {568A1E31-EB19-4DCF-A1AB-5F76073C3773}
		{C8855A43-C392-44AF-BD0A-EBC9B0D4DC85} = {CAC97BCF-0CCF-438F-A94D-C6B87B447565}
		{A42CA51B-6396-4411-A749-66B0CF856223} = {CAC97BCF-0CCF-438F-A94D-C6B87B447565}
		{E8DB8A0F-C862-4E09-9DDE-2D68CF354DC3} = {CAC97BCF-0CCF-438F-A94D-C6B87B447565}
		{B2139F97-9AEF-45E1-B621-335F55271257} = {CAC97BCF-0CCF-438F-A94D-C6B87B447565}
		{8C8EBB20-2D35-4550-9EB2-4A723A399BD5} = {CAC97BCF-0CCF-438F-A94D-C6B87B447565}
		{FB79BB46-6F92-43EA-9EC5-8E456B0E1C25} = {CAC97BCF-0CCF-438F-A94D-C6B87B447565}
		{DD3AD5B9-963B-4B1B-B3B9-31EE6D6603F1} = {CAC97BCF-0CCF-438F-A94D-C6B87B447565}
		{D5964250-D32B-4257-B833-AFE7B61944CE} = {CAC97BCF-0CCF-438F-A94D-C6B87B447565}
		{683723A1-024E-4BE4-868B-0EF1F70FF36F} = {CAC97BCF-0CCF-438F-A94D-C6B87B447565}
		{01319A4E-1C92-483E-8276-DAA6C44BEEAD} = {CAC97BCF-0CCF-438F-A94D-C6B87B447565}
		{959DD701-FFCA-4F6F-87A9-8270BDFA9FA5} = {CAC97BCF-0CCF-438F-A94D-C6B87B447565}
		{60FB3724-59F0-4E14-B4F9-F2EA3E2C8902} = {CAC97BCF-0CCF-438F-A94D-C6B87B447565}
		{AF14D362-68C7-4D16-8669-CD4892A3A054} = {CAC97BCF-0CCF-438F-A94D-C6B87B447565}
		{CC7B3D73-96B9-44B1-B758-96317CD1D266} = {CAC97BCF-0CCF-438F-A94D-C6B87B447565}
		{409CEDF2-7C95-49EF-BAB8-1A1F50B2F78D} = {A6165945-0A4A-4C05-9596-E8B39B92D6AD}
		{7C392822-C674-4674-B841-AB081997A14A} = {CAC97BCF-0CCF-438F-A94D-C6B87B447565}
		{F4ED2E55-889F-4B6B-979C-ED3642398005} = {CAC97BCF-0CCF-438F-A94D-C6B87B447565}
	EndGlobalSection
	GlobalSection(ExtensibilityGlobals) = postSolution
		SolutionGuid = {65178D46-90F8-44C1-BBE5-1B9750F7238E}
	EndGlobalSection
EndGlobal
